
Microsoft Visual Studio Solution File, Format Version 12.00
# Visual Studio Version 17
VisualStudioVersion = 17.14.36127.28 d17.14
MinimumVisualStudioVersion = 10.0.40219.1
Project("{FAE04EC0-301F-11D3-BF4B-00C04F79EFBC}") = "WinFormsAppExecelFomat", "WinFormsAppExecelFomat\WinFormsAppExecelFomat.csproj", "{592F85E8-888D-44F2-AE3D-F8E461C1E9BB}"
EndProject
Global
	GlobalSection(SolutionConfigurationPlatforms) = preSolution
		Debug|Any CPU = Debug|Any CPU
		Release|Any CPU = Release|Any CPU
	EndGlobalSection
	GlobalSection(ProjectConfigurationPlatforms) = postSolution
		{592F85E8-888D-44F2-AE3D-F8E461C1E9BB}.Debug|Any CPU.ActiveCfg = Debug|Any CPU
		{592F85E8-888D-44F2-AE3D-F8E461C1E9BB}.Debug|Any CPU.Build.0 = Debug|Any CPU
		{592F85E8-888D-44F2-AE3D-F8E461C1E9BB}.Release|Any CPU.ActiveCfg = Release|Any CPU
		{592F85E8-888D-44F2-AE3D-F8E461C1E9BB}.Release|Any CPU.Build.0 = Release|Any CPU
	EndGlobalSection
	GlobalSection(SolutionProperties) = preSolution
		HideSolutionNode = FALSE
	EndGlobalSection
	GlobalSection(ExtensibilityGlobals) = postSolution
		SolutionGuid = {9AC97D62-260A-441D-82C8-001FCA6C4570}
	EndGlobalSection
EndGlobal
